
Microsoft Visual Studio Solution File, Format Version 12.00
# Visual Studio Version 17
VisualStudioVersion = 17.4.33213.308
MinimumVisualStudioVersion = 10.0.40219.1
Project("{FAE04EC0-301F-11D3-BF4B-00C04F79EFBC}") = "WpfApp1", "WpfApp1.csproj", "{254A402E-C626-49A7-8651-DEA6DBFFA72F}"
EndProject
Global
	GlobalSection(SolutionConfigurationPlatforms) = preSolution
		Debug|Any CPU = Debug|Any CPU
		Release|Any CPU = Release|Any CPU
	EndGlobalSection
	GlobalSection(ProjectConfigurationPlatforms) = postSolution
		{254A402E-C626-49A7-8651-DEA6DBFFA72F}.Debug|Any CPU.ActiveCfg = Debug|Any CPU
		{254A402E-C626-49A7-8651-DEA6DBFFA72F}.Debug|Any CPU.Build.0 = Debug|Any CPU
		{254A402E-C626-49A7-8651-DEA6DBFFA72F}.Release|Any CPU.ActiveCfg = Release|Any CPU
		{254A402E-C626-49A7-8651-DEA6DBFFA72F}.Release|Any CPU.Build.0 = Release|Any CPU
	EndGlobalSection
	GlobalSection(SolutionProperties) = preSolution
		HideSolutionNode = FALSE
	EndGlobalSection
	GlobalSection(ExtensibilityGlobals) = postSolution
		SolutionGuid = {CC759A73-16FA-4EE2-80AA-7A01F4C4B1D0}
	EndGlobalSection
EndGlobal
